lockfileVersion: '9.0'

settings:
  autoInstallPeers: true
  excludeLinksFromLockfile: false

importers:

  .:
    dependencies:
      '@tauri-apps/api':
        specifier: ^2.0.0-rc.0
        version: 2.0.0-rc.0

packages:

  '@tauri-apps/api@2.0.0-rc.0':
    resolution: {integrity: sha512-v454Qs3REHc3Za59U+/eSmBsdmF+3NE5+76+lFDaitVqN4ZglDHENDaMARYKGJVZuxiSkzyqG0SeG7lLQjVkPA==}
    engines: {node: '>= 18.18', npm: '>= 6.6.0', yarn: '>= 1.19.1'}

snapshots:

  '@tauri-apps/api@2.0.0-rc.0': {}
